// !$*UTF8*$!
{
	archiveVersion = 1;
	classes = {
	};
	objectVersion = 46;
	objects = {

/* Begin PBXBuildFile section */
		D6857E981F0E9EF400452804 /* AppDelegate.swift in Sources */ = {isa = PBXBuildFile; fileRef = D6857E971F0E9EF400452804 /* AppDelegate.swift */; };
		D6857E9D1F0E9EF400452804 /* Main.storyboard in Resources */ = {isa = PBXBuildFile; fileRef = D6857E9B1F0E9EF400452804 /* Main.storyboard */; };
		D6857E9F1F0E9EF400452804 /* Assets.xcassets in Resources */ = {isa = PBXBuildFile; fileRef = D6857E9E1F0E9EF400452804 /* Assets.xcassets */; };
		D6857EA21F0E9EF400452804 /* LaunchScreen.storyboard in Resources */ = {isa = PBXBuildFile; fileRef = D6857EA01F0E9EF400452804 /* LaunchScreen.storyboard */; };
		D699F98A1F17DB22007E7BA4 /* AccessCodePage.swift in Sources */ = {isa = PBXBuildFile; fileRef = D699F9891F17DB22007E7BA4 /* AccessCodePage.swift */; };
		D6FAD1261F15C89700506BC3 /* DownloadedSketchpad.swift in Sources */ = {isa = PBXBuildFile; fileRef = D6FAD1251F15C89700506BC3 /* DownloadedSketchpad.swift */; };
		E9CDB8F920880EE64A0BCC52 /* Pods_Project.framework in Frameworks */ = {isa = PBXBuildFile; fileRef = 2FDC9F865B4C9FC3B362E55A /* Pods_Project.framework */; };
/* End PBXBuildFile section */

/* Begin PBXFileReference section */
		2660140F284522BB1FA97972 /* Pods-Project.release.xcconfig */ = {isa = PBXFileReference; includeInIndex = 1; lastKnownFileType = text.xcconfig; name = "Pods-Project.release.xcconfig"; path = "Pods/Target Support Files/Pods-Project/Pods-Project.release.xcconfig"; sourceTree = "<group>"; };
		2FDC9F865B4C9FC3B362E55A /* Pods_Project.framework */ = {isa = PBXFileReference; explicitFileType = wrapper.framework; includeInIndex = 0; path = Pods_Project.framework; sourceTree = BUILT_PRODUCTS_DIR; };
		B6512B31975AF239DB323868 /* Pods-Project.debug.xcconfig */ = {isa = PBXFileReference; includeInIndex = 1; lastKnownFileType = text.xcconfig; name = "Pods-Project.debug.xcconfig"; path = "Pods/Target Support Files/Pods-Project/Pods-Project.debug.xcconfig"; sourceTree = "<group>"; };
		D6857E941F0E9EF400452804 /* Project.app */ = {isa = PBXFileReference; explicitFileType = wrapper.application; includeInIndex = 0; path = Project.app; sourceTree = BUILT_PRODUCTS_DIR; };
		D6857E971F0E9EF400452804 /* AppDelegate.swift */ = {isa = PBXFileReference; lastKnownFileType = sourcecode.swift; path = AppDelegate.swift; sourceTree = "<group>"; };
		D6857E9C1F0E9EF400452804 /* Base */ = {isa = PBXFileReference; lastKnownFileType = file.storyboard; name = Base; path = Base.lproj/Main.storyboard; sourceTree = "<group>"; };
		D6857E9E1F0E9EF400452804 /* Assets.xcassets */ = {isa = PBXFileReference; lastKnownFileType = folder.assetcatalog; path = Assets.xcassets; sourceTree = "<group>"; };
		D6857EA11F0E9EF400452804 /* Base */ = {isa = PBXFileReference; lastKnownFileType = file.storyboard; name = Base; path = Base.lproj/LaunchScreen.storyboard; sourceTree = "<group>"; };
		D6857EA31F0E9EF400452804 /* Info.plist */ = {isa = PBXFileReference; lastKnownFileType = text.plist.xml; path = Info.plist; sourceTree = "<group>"; };
		D699F9891F17DB22007E7BA4 /* AccessCodePage.swift */ = {isa = PBXFileReference; fileEncoding = 4; lastKnownFileType = sourcecode.swift; path = AccessCodePage.swift; sourceTree = "<group>"; };
		D6FAD1251F15C89700506BC3 /* DownloadedSketchpad.swift */ = {isa = PBXFileReference; fileEncoding = 4; lastKnownFileType = sourcecode.swift; path = DownloadedSketchpad.swift; sourceTree = "<group>"; };
/* End PBXFileReference section */

/* Begin PBXFrameworksBuildPhase section */
		D6857E911F0E9EF400452804 /* Frameworks */ = {
			isa = PBXFrameworksBuildPhase;
			buildActionMask = 2147483647;
			files = (
				E9CDB8F920880EE64A0BCC52 /* Pods_Project.framework in Frameworks */,
			);
			runOnlyForDeploymentPostprocessing = 0;
		};
/* End PBXFrameworksBuildPhase section */

/* Begin PBXGroup section */
		B3C7BD8C06FCDC1433EDD658 /* Pods */ = {
			isa = PBXGroup;
			children = (
				B6512B31975AF239DB323868 /* Pods-Project.debug.xcconfig */,
				2660140F284522BB1FA97972 /* Pods-Project.release.xcconfig */,
			);
			name = Pods;
			sourceTree = "<group>";
		};
		CDA51F3631BD5059D6188D5F /* Frameworks */ = {
			isa = PBXGroup;
			children = (
				2FDC9F865B4C9FC3B362E55A /* Pods_Project.framework */,
			);
			name = Frameworks;
			sourceTree = "<group>";
		};
		D6857E8B1F0E9EF400452804 = {
			isa = PBXGroup;
			children = (
				D6857E961F0E9EF400452804 /* Project */,
				D6857E951F0E9EF400452804 /* Products */,
				B3C7BD8C06FCDC1433EDD658 /* Pods */,
				CDA51F3631BD5059D6188D5F /* Frameworks */,
			);
			sourceTree = "<group>";
		};
		D6857E951F0E9EF400452804 /* Products */ = {
			isa = PBXGroup;
			children = (
				D6857E941F0E9EF400452804 /* Project.app */,
			);
			name = Products;
			sourceTree = "<group>";
		};
		D6857E961F0E9EF400452804 /* Project */ = {
			isa = PBXGroup;
			children = (
				D6857E971F0E9EF400452804 /* AppDelegate.swift */,
				D6FAD1251F15C89700506BC3 /* DownloadedSketchpad.swift */,
				D6857E9B1F0E9EF400452804 /* Main.storyboard */,
				D6857E9E1F0E9EF400452804 /* Assets.xcassets */,
				D6857EA01F0E9EF400452804 /* LaunchScreen.storyboard */,
				D6857EA31F0E9EF400452804 /* Info.plist */,
				D699F9891F17DB22007E7BA4 /* AccessCodePage.swift */,
			);
			path = Project;
			sourceTree = "<group>";
		};
/* End PBXGroup section */

/* Begin PBXNativeTarget section */
		D6857E931F0E9EF400452804 /* Project */ = {
			isa = PBXNativeTarget;
			buildConfigurationList = D6857EA61F0E9EF400452804 /* Build configuration list for PBXNativeTarget "Project" */;
			buildPhases = (
				0CE7AA75D332FD4B8154DFFB /* [CP] Check Pods Manifest.lock */,
				D6857E901F0E9EF400452804 /* Sources */,
				D6857E911F0E9EF400452804 /* Frameworks */,
				D6857E921F0E9EF400452804 /* Resources */,
				E074EACF0BC2427718E5AAF2 /* [CP] Embed Pods Frameworks */,
				70B904DCE3E6B3B0E1395662 /* [CP] Copy Pods Resources */,
			);
			buildRules = (
			);
			dependencies = (
			);
			name = Project;
			productName = Project;
			productReference = D6857E941F0E9EF400452804 /* Project.app */;
			productType = "com.apple.product-type.application";
		};
/* End PBXNativeTarget section */

/* Begin PBXProject section */
		D6857E8C1F0E9EF400452804 /* Project object */ = {
			isa = PBXProject;
			attributes = {
				LastSwiftUpdateCheck = 0830;
				LastUpgradeCheck = 0830;
				ORGANIZATIONNAME = com.Project;
				TargetAttributes = {
					D6857E931F0E9EF400452804 = {
						CreatedOnToolsVersion = 8.3.3;
						DevelopmentTeam = 7SA4C3FZ9G;
						ProvisioningStyle = Automatic;
					};
				};
			};
			buildConfigurationList = D6857E8F1F0E9EF400452804 /* Build configuration list for PBXProject "Project" */;
			compatibilityVersion = "Xcode 3.2";
			developmentRegion = English;
			hasScannedForEncodings = 0;
			knownRegions = (
				en,
				Base,
			);
			mainGroup = D6857E8B1F0E9EF400452804;
			productRefGroup = D6857E951F0E9EF400452804 /* Products */;
			projectDirPath = "";
			projectRoot = "";
			targets = (
				D6857E931F0E9EF400452804 /* Project */,
			);
		};
/* End PBXProject section */

/* Begin PBXResourcesBuildPhase section */
		D6857E921F0E9EF400452804 /* Resources */ = {
			isa = PBXResourcesBuildPhase;
			buildActionMask = 2147483647;
			files = (
				D6857EA21F0E9EF400452804 /* LaunchScreen.storyboard in Resources */,
				D6857E9F1F0E9EF400452804 /* Assets.xcassets in Resources */,
				D6857E9D1F0E9EF400452804 /* Main.storyboard in Resources */,
			);
			runOnlyForDeploymentPostprocessing = 0;
		};
/* End PBXResourcesBuildPhase section */

/* Begin PBXShellScriptBuildPhase section */
		0CE7AA75D332FD4B8154DFFB /* [CP] Check Pods Manifest.lock */ = {
			isa = PBXShellScriptBuildPhase;
			buildActionMask = 2147483647;
			files = (
			);
			inputPaths = (
			);
			name = "[CP] Check Pods Manifest.lock";
			outputPaths = (
			);
			runOnlyForDeploymentPostprocessing = 0;
			shellPath = /bin/sh;
			shellScript = "diff \"${PODS_PODFILE_DIR_PATH}/Podfile.lock\" \"${PODS_ROOT}/Manifest.lock\" > /dev/null\nif [ $? != 0 ] ; then\n    # print error to STDERR\n    echo \"error: The sandbox is not in sync with the Podfile.lock. Run 'pod install' or update your CocoaPods installation.\" >&2\n    exit 1\nfi\n";
			showEnvVarsInLog = 0;
		};
		70B904DCE3E6B3B0E1395662 /* [CP] Copy Pods Resources */ = {
			isa = PBXShellScriptBuildPhase;
			buildActionMask = 2147483647;
			files = (
			);
			inputPaths = (
			);
			name = "[CP] Copy Pods Resources";
			outputPaths = (
			);
			runOnlyForDeploymentPostprocessing = 0;
			shellPath = /bin/sh;
			shellScript = "\"${SRCROOT}/Pods/Target Support Files/Pods-Project/Pods-Project-resources.sh\"\n";
			showEnvVarsInLog = 0;
		};
		E074EACF0BC2427718E5AAF2 /* [CP] Embed Pods Frameworks */ = {
			isa = PBXShellScriptBuildPhase;
			buildActionMask = 2147483647;
			files = (
			);
			inputPaths = (
			);
			name = "[CP] Embed Pods Frameworks";
			outputPaths = (
			);
			runOnlyForDeploymentPostprocessing = 0;
			shellPath = /bin/sh;
			shellScript = "\"${SRCROOT}/Pods/Target Support Files/Pods-Project/Pods-Project-frameworks.sh\"\n";
			showEnvVarsInLog = 0;
		};
/* End PBXShellScriptBuildPhase section */

/* Begin PBXSourcesBuildPhase section */
		D6857E901F0E9EF400452804 /* Sources */ = {
			isa = PBXSourcesBuildPhase;
			buildActionMask = 2147483647;
			files = (
				D699F98A1F17DB22007E7BA4 /* AccessCodePage.swift in Sources */,
				D6FAD1261F15C89700506BC3 /* DownloadedSketchpad.swift in Sources */,
				D6857E981F0E9EF400452804 /* AppDelegate.swift in Sources */,
			);
			runOnlyForDeploymentPostprocessing = 0;
		};
/* End PBXSourcesBuildPhase section */

/* Begin PBXVariantGroup section */
		D6857E9B1F0E9EF400452804 /* Main.storyboard */ = {
			isa = PBXVariantGroup;
			children = (
				D6857E9C1F0E9EF400452804 /* Base */,
			);
			name = Main.storyboard;
			sourceTree = "<group>";
		};
		D6857EA01F0E9EF400452804 /* LaunchScreen.storyboard */ = {
			isa = PBXVariantGroup;
			children = (
				D6857EA11F0E9EF400452804 /* Base */,
			);
			name = LaunchScreen.storyboard;
			sourceTree = "<group>";
		};
/* End PBXVariantGroup section */

/* Begin XCBuildConfiguration section */
		D6857EA41F0E9EF400452804 /* Debug */ = {
			isa = XCBuildConfiguration;
			buildSettings = {
				ALWAYS_SEARCH_USER_PATHS = NO;
				CLANG_ANALYZER_NONNULL = YES;
				CLANG_ANALYZER_NUMBER_OBJECT_CONVERSION = YES_AGGRESSIVE;
				CLANG_CXX_LANGUAGE_STANDARD = "gnu++0x";
				CLANG_CXX_LIBRARY = "libc++";
				CLANG_ENABLE_MODULES = YES;
				CLANG_ENABLE_OBJC_ARC = YES;
				CLANG_WARN_BOOL_CONVERSION = YES;
				CLANG_WARN_CONSTANT_CONVERSION = YES;
				CLANG_WARN_DIRECT_OBJC_ISA_USAGE = YES_ERROR;
				CLANG_WARN_DOCUMENTATION_COMMENTS = YES;
				CLANG_WARN_EMPTY_BODY = YES;
				CLANG_WARN_ENUM_CONVERSION = YES;
				CLANG_WARN_INFINITE_RECURSION = YES;
				CLANG_WARN_INT_CONVERSION = YES;
				CLANG_WARN_OBJC_ROOT_CLASS = YES_ERROR;
				CLANG_WARN_SUSPICIOUS_MOVE = YES;
				CLANG_WARN_UNREACHABLE_CODE = YES;
				CLANG_WARN__DUPLICATE_METHOD_MATCH = YES;
				"CODE_SIGN_IDENTITY[sdk=iphoneos*]" = "iPhone Developer";
				COPY_PHASE_STRIP = NO;
				DEBUG_INFORMATION_FORMAT = dwarf;
				ENABLE_STRICT_OBJC_MSGSEND = YES;
				ENABLE_TESTABILITY = YES;
				GCC_C_LANGUAGE_STANDARD = gnu99;
				GCC_DYNAMIC_NO_PIC = NO;
				GCC_NO_COMMON_BLOCKS = YES;
				GCC_OPTIMIZATION_LEVEL = 0;
				GCC_PREPROCESSOR_DEFINITIONS = (
					"DEBUG=1",
					"$(inherited)",
				);
				GCC_WARN_64_TO_32_BIT_CONVERSION = YES;
				GCC_WARN_ABOUT_RETURN_TYPE = YES_ERROR;
				GCC_WARN_UNDECLARED_SELECTOR = YES;
				GCC_WARN_UNINITIALIZED_AUTOS = YES_AGGRESSIVE;
				GCC_WARN_UNUSED_FUNCTION = YES;
				GCC_WARN_UNUSED_VARIABLE = YES;
				IPHONEOS_DEPLOYMENT_TARGET = 10.3;
				MTL_ENABLE_DEBUG_INFO = YES;
				ONLY_ACTIVE_ARCH = YES;
				SDKROOT = iphoneos;
				SWIFT_ACTIVE_COMPILATION_CONDITIONS = DEBUG;
				SWIFT_OPTIMIZATION_LEVEL = "-Onone";
			};
			name = Debug;
		};
		D6857EA51F0E9EF400452804 /* Release */ = {
			isa = XCBuildConfiguration;
			buildSettings = {
				ALWAYS_SEARCH_USER_PATHS = NO;
				CLANG_ANALYZER_NONNULL = YES;
				CLANG_ANALYZER_NUMBER_OBJECT_CONVERSION = YES_AGGRESSIVE;
				CLANG_CXX_LANGUAGE_STANDARD = "gnu++0x";
				CLANG_CXX_LIBRARY = "libc++";
				CLANG_ENABLE_MODULES = YES;
				CLANG_ENABLE_OBJC_ARC = YES;
				CLANG_WARN_BOOL_CONVERSION = YES;
				CLANG_WARN_CONSTANT_CONVERSION = YES;
				CLANG_WARN_DIRECT_OBJC_ISA_USAGE = YES_ERROR;
				CLANG_WARN_DOCUMENTATION_COMMENTS = YES;
				CLANG_WARN_EMPTY_BODY = YES;
				CLANG_WARN_ENUM_CONVERSION = YES;
				CLANG_WARN_INFINITE_RECURSION = YES;
				CLANG_WARN_INT_CONVERSION = YES;
				CLANG_WARN_OBJC_ROOT_CLASS = YES_ERROR;
				CLANG_WARN_SUSPICIOUS_MOVE = YES;
				CLANG_WARN_UNREACHABLE_CODE = YES;
				CLANG_WARN__DUPLICATE_METHOD_MATCH = YES;
				"CODE_SIGN_IDENTITY[sdk=iphoneos*]" = "iPhone Developer";
				COPY_PHASE_STRIP = NO;
				DEBUG_INFORMATION_FORMAT = "dwarf-with-dsym";
				ENABLE_NS_ASSERTIONS = NO;
				ENABLE_STRICT_OBJC_MSGSEND = YES;
				GCC_C_LANGUAGE_STANDARD = gnu99;
				GCC_NO_COMMON_BLOCKS = YES;
				GCC_WARN_64_TO_32_BIT_CONVERSION = YES;
				GCC_WARN_ABOUT_RETURN_TYPE = YES_ERROR;
				GCC_WARN_UNDECLARED_SELECTOR = YES;
				GCC_WARN_UNINITIALIZED_AUTOS = YES_AGGRESSIVE;
				GCC_WARN_UNUSED_FUNCTION = YES;
				GCC_WARN_UNUSED_VARIABLE = YES;
				IPHONEOS_DEPLOYMENT_TARGET = 10.3;
				MTL_ENABLE_DEBUG_INFO = NO;
				SDKROOT = iphoneos;
				SWIFT_OPTIMIZATION_LEVEL = "-Owholemodule";
				VALIDATE_PRODUCT = YES;
			};
			name = Release;
		};
		D6857EA71F0E9EF400452804 /* Debug */ = {
			isa = XCBuildConfiguration;
			baseConfigurationReference = B6512B31975AF239DB323868 /* Pods-Project.debug.xcconfig */;
			buildSettings = {
				ASSETCATALOG_COMPILER_APPICON_NAME = AppIcon;
				DEVELOPMENT_TEAM = 7SA4C3FZ9G;
				INFOPLIST_FILE = Project/Info.plist;
				IPHONEOS_DEPLOYMENT_TARGET = 9.3;
				LD_RUNPATH_SEARCH_PATHS = "$(inherited) @executable_path/Frameworks";
				PRODUCT_BUNDLE_IDENTIFIER = com.SeraYang;
				PRODUCT_NAME = "$(TARGET_NAME)";
				SWIFT_VERSION = 3.0;
				TARGETED_DEVICE_FAMILY = "1,2";
			};
			name = Debug;
		};
		D6857EA81F0E9EF400452804 /* Release */ = {
			isa = XCBuildConfiguration;
			baseConfigurationReference = 2660140F284522BB1FA97972 /* Pods-Project.release.xcconfig */;
			buildSettings = {
				ASSETCATALOG_COMPILER_APPICON_NAME = AppIcon;
				DEVELOPMENT_TEAM = 7SA4C3FZ9G;
				INFOPLIST_FILE = Project/Info.plist;
				IPHONEOS_DEPLOYMENT_TARGET = 9.3;
				LD_RUNPATH_SEARCH_PATHS = "$(inherited) @executable_path/Frameworks";
				PRODUCT_BUNDLE_IDENTIFIER = com.SeraYang;
				PRODUCT_NAME = "$(TARGET_NAME)";
				SWIFT_VERSION = 3.0;
				TARGETED_DEVICE_FAMILY = "1,2";
			};
			name = Release;
		};
/* End XCBuildConfiguration section */

/* Begin XCConfigurationList section */
		D6857E8F1F0E9EF400452804 /* Build configuration list for PBXProject "Project" */ = {
			isa = XCConfigurationList;
			buildConfigurations = (
				D6857EA41F0E9EF400452804 /* Debug */,
				D6857EA51F0E9EF400452804 /* Release */,
			);
			defaultConfigurationIsVisible = 0;
			defaultConfigurationName = Release;
		};
		D6857EA61F0E9EF400452804 /* Build configuration list for PBXNativeTarget "Project" */ = {
			isa = XCConfigurationList;
			buildConfigurations = (
				D6857EA71F0E9EF400452804 /* Debug */,
				D6857EA81F0E9EF400452804 /* Release */,
			);
			defaultConfigurationIsVisible = 0;
			defaultConfigurationName = Release;
		};
/* End XCConfigurationList section */
	};
	rootObject = D6857E8C1F0E9EF400452804 /* Project object */;
}
